// !$*UTF8*$!
{
	archiveVersion = 1;
	classes = {
	};
	objectVersion = 56;
	objects = {

/* Begin PBXBuildFile section */
		6CEA098D2AC2137000F8DE60 /* AppDelegate.swift in Sources */ = {isa = PBXBuildFile; fileRef = 6CEA098C2AC2137000F8DE60 /* AppDelegate.swift */; };
		6CEA098F2AC2137000F8DE60 /* GameScene.sks in Resources */ = {isa = PBXBuildFile; fileRef = 6CEA098E2AC2137000F8DE60 /* GameScene.sks */; };
		6CEA09912AC2137000F8DE60 /* Actions.sks in Resources */ = {isa = PBXBuildFile; fileRef = 6CEA09902AC2137000F8DE60 /* Actions.sks */; };
		6CEA09932AC2137000F8DE60 /* GameScene.swift in Sources */ = {isa = PBXBuildFile; fileRef = 6CEA09922AC2137000F8DE60 /* GameScene.swift */; };
		6CEA09952AC2137000F8DE60 /* GameViewController.swift in Sources */ = {isa = PBXBuildFile; fileRef = 6CEA09942AC2137000F8DE60 /* GameViewController.swift */; };
		6CEA09982AC2137000F8DE60 /* Main.storyboard in Resources */ = {isa = PBXBuildFile; fileRef = 6CEA09962AC2137000F8DE60 /* Main.storyboard */; };
		6CEA099A2AC2137100F8DE60 /* Assets.xcassets in Resources */ = {isa = PBXBuildFile; fileRef = 6CEA09992AC2137100F8DE60 /* Assets.xcassets */; };
		6CEA099D2AC2137100F8DE60 /* LaunchScreen.storyboard in Resources */ = {isa = PBXBuildFile; fileRef = 6CEA099B2AC2137100F8DE60 /* LaunchScreen.storyboard */; };
		6CEA09A62AC21E8600F8DE60 /* Joystick.swift in Sources */ = {isa = PBXBuildFile; fileRef = 6CEA09A52AC21E8600F8DE60 /* Joystick.swift */; };
		B3377B492AC347C600BDBDC3 /* ArcherRunPlayerStats.swift in Sources */ = {isa = PBXBuildFile; fileRef = B3377B482AC347C600BDBDC3 /* ArcherRunPlayerStats.swift */; };
		B3AB7D162AC60897003052D8 /* theme.mp3 in Resources */ = {isa = PBXBuildFile; fileRef = B3AB7D152AC60897003052D8 /* theme.mp3 */; };
		B3AB7D1B2AC608F3003052D8 /* hurt-mammuth.mp3 in Resources */ = {isa = PBXBuildFile; fileRef = B3AB7D172AC608F3003052D8 /* hurt-mammuth.mp3 */; };
		B3AB7D1C2AC608F3003052D8 /* sound-mammuth.mp3 in Resources */ = {isa = PBXBuildFile; fileRef = B3AB7D182AC608F3003052D8 /* sound-mammuth.mp3 */; };
		B3AB7D1D2AC608F3003052D8 /* sound-bow.mp3 in Resources */ = {isa = PBXBuildFile; fileRef = B3AB7D192AC608F3003052D8 /* sound-bow.mp3 */; };
		B3AB7D1E2AC608F3003052D8 /* hurt-human.mp3 in Resources */ = {isa = PBXBuildFile; fileRef = B3AB7D1A2AC608F3003052D8 /* hurt-human.mp3 */; };
/* End PBXBuildFile section */

/* Begin PBXFileReference section */
		6CEA09892AC2137000F8DE60 /* ArcherRun.app */ = {isa = PBXFileReference; explicitFileType = wrapper.application; includeInIndex = 0; path = ArcherRun.app; sourceTree = BUILT_PRODUCTS_DIR; };
		6CEA098C2AC2137000F8DE60 /* AppDelegate.swift */ = {isa = PBXFileReference; lastKnownFileType = sourcecode.swift; path = AppDelegate.swift; sourceTree = "<group>"; };
		6CEA098E2AC2137000F8DE60 /* GameScene.sks */ = {isa = PBXFileReference; lastKnownFileType = file.sks; path = GameScene.sks; sourceTree = "<group>"; };
		6CEA09902AC2137000F8DE60 /* Actions.sks */ = {isa = PBXFileReference; lastKnownFileType = file.sks; path = Actions.sks; sourceTree = "<group>"; };
		6CEA09922AC2137000F8DE60 /* GameScene.swift */ = {isa = PBXFileReference; lastKnownFileType = sourcecode.swift; path = GameScene.swift; sourceTree = "<group>"; };
		6CEA09942AC2137000F8DE60 /* GameViewController.swift */ = {isa = PBXFileReference; lastKnownFileType = sourcecode.swift; path = GameViewController.swift; sourceTree = "<group>"; };
		6CEA09972AC2137000F8DE60 /* Base */ = {isa = PBXFileReference; lastKnownFileType = file.storyboard; name = Base; path = Base.lproj/Main.storyboard; sourceTree = "<group>"; };
		6CEA09992AC2137100F8DE60 /* Assets.xcassets */ = {isa = PBXFileReference; lastKnownFileType = folder.assetcatalog; path = Assets.xcassets; sourceTree = "<group>"; };
		6CEA099C2AC2137100F8DE60 /* Base */ = {isa = PBXFileReference; lastKnownFileType = file.storyboard; name = Base; path = Base.lproj/LaunchScreen.storyboard; sourceTree = "<group>"; };
		6CEA09A52AC21E8600F8DE60 /* Joystick.swift */ = {isa = PBXFileReference; lastKnownFileType = sourcecode.swift; path = Joystick.swift; sourceTree = "<group>"; };
		B3377B482AC347C600BDBDC3 /* ArcherRunPlayerStats.swift */ = {isa = PBXFileReference; lastKnownFileType = sourcecode.swift; path = ArcherRunPlayerStats.swift; sourceTree = "<group>"; };
		B3AB7D152AC60897003052D8 /* theme.mp3 */ = {isa = PBXFileReference; lastKnownFileType = audio.mp3; path = theme.mp3; sourceTree = "<group>"; };
		B3AB7D172AC608F3003052D8 /* hurt-mammuth.mp3 */ = {isa = PBXFileReference; lastKnownFileType = audio.mp3; path = "hurt-mammuth.mp3"; sourceTree = "<group>"; };
		B3AB7D182AC608F3003052D8 /* sound-mammuth.mp3 */ = {isa = PBXFileReference; lastKnownFileType = audio.mp3; path = "sound-mammuth.mp3"; sourceTree = "<group>"; };
		B3AB7D192AC608F3003052D8 /* sound-bow.mp3 */ = {isa = PBXFileReference; lastKnownFileType = audio.mp3; path = "sound-bow.mp3"; sourceTree = "<group>"; };
		B3AB7D1A2AC608F3003052D8 /* hurt-human.mp3 */ = {isa = PBXFileReference; lastKnownFileType = audio.mp3; path = "hurt-human.mp3"; sourceTree = "<group>"; };
/* End PBXFileReference section */

/* Begin PBXFrameworksBuildPhase section */
		6CEA09862AC2137000F8DE60 /* Frameworks */ = {
			isa = PBXFrameworksBuildPhase;
			buildActionMask = 2147483647;
			files = (
			);
			runOnlyForDeploymentPostprocessing = 0;
		};
/* End PBXFrameworksBuildPhase section */

/* Begin PBXGroup section */
		6CEA09802AC2137000F8DE60 = {
			isa = PBXGroup;
			children = (
				6CEA098B2AC2137000F8DE60 /* ArcherRun */,
				6CEA098A2AC2137000F8DE60 /* Products */,
			);
			sourceTree = "<group>";
		};
		6CEA098A2AC2137000F8DE60 /* Products */ = {
			isa = PBXGroup;
			children = (
				6CEA09892AC2137000F8DE60 /* ArcherRun.app */,
			);
			name = Products;
			sourceTree = "<group>";
		};
		6CEA098B2AC2137000F8DE60 /* ArcherRun */ = {
			isa = PBXGroup;
			children = (
				B3AB7D142AC60851003052D8 /* Sounds */,
				6CEA098C2AC2137000F8DE60 /* AppDelegate.swift */,
				6CEA098E2AC2137000F8DE60 /* GameScene.sks */,
				6CEA09902AC2137000F8DE60 /* Actions.sks */,
				6CEA09922AC2137000F8DE60 /* GameScene.swift */,
				6CEA09942AC2137000F8DE60 /* GameViewController.swift */,
				6CEA09962AC2137000F8DE60 /* Main.storyboard */,
				6CEA09992AC2137100F8DE60 /* Assets.xcassets */,
				6CEA099B2AC2137100F8DE60 /* LaunchScreen.storyboard */,
				6CEA09A52AC21E8600F8DE60 /* Joystick.swift */,
				B3377B482AC347C600BDBDC3 /* ArcherRunPlayerStats.swift */,
			);
			path = ArcherRun;
			sourceTree = "<group>";
		};
		B3AB7D142AC60851003052D8 /* Sounds */ = {
			isa = PBXGroup;
			children = (
				B3AB7D152AC60897003052D8 /* theme.mp3 */,
				B3AB7D1A2AC608F3003052D8 /* hurt-human.mp3 */,
				B3AB7D172AC608F3003052D8 /* hurt-mammuth.mp3 */,
				B3AB7D192AC608F3003052D8 /* sound-bow.mp3 */,
				B3AB7D182AC608F3003052D8 /* sound-mammuth.mp3 */,
			);
			path = Sounds;
			sourceTree = "<group>";
		};
/* End PBXGroup section */

/* Begin PBXNativeTarget section */
		6CEA09882AC2137000F8DE60 /* ArcherRun */ = {
			isa = PBXNativeTarget;
			buildConfigurationList = 6CEA09A02AC2137100F8DE60 /* Build configuration list for PBXNativeTarget "ArcherRun" */;
			buildPhases = (
				6CEA09852AC2137000F8DE60 /* Sources */,
				6CEA09862AC2137000F8DE60 /* Frameworks */,
				6CEA09872AC2137000F8DE60 /* Resources */,
			);
			buildRules = (
			);
			dependencies = (
			);
			name = ArcherRun;
			productName = ArcherRun;
			productReference = 6CEA09892AC2137000F8DE60 /* ArcherRun.app */;
			productType = "com.apple.product-type.application";
		};
/* End PBXNativeTarget section */

/* Begin PBXProject section */
		6CEA09812AC2137000F8DE60 /* Project object */ = {
			isa = PBXProject;
			attributes = {
				BuildIndependentTargetsInParallel = 1;
				LastSwiftUpdateCheck = 1430;
				LastUpgradeCheck = 1430;
				TargetAttributes = {
					6CEA09882AC2137000F8DE60 = {
						CreatedOnToolsVersion = 14.3.1;
					};
				};
			};
			buildConfigurationList = 6CEA09842AC2137000F8DE60 /* Build configuration list for PBXProject "ArcherRun" */;
			compatibilityVersion = "Xcode 14.0";
			developmentRegion = en;
			hasScannedForEncodings = 0;
			knownRegions = (
				en,
				Base,
			);
			mainGroup = 6CEA09802AC2137000F8DE60;
			productRefGroup = 6CEA098A2AC2137000F8DE60 /* Products */;
			projectDirPath = "";
			projectRoot = "";
			targets = (
				6CEA09882AC2137000F8DE60 /* ArcherRun */,
			);
		};
/* End PBXProject section */

/* Begin PBXResourcesBuildPhase section */
		6CEA09872AC2137000F8DE60 /* Resources */ = {
			isa = PBXResourcesBuildPhase;
			buildActionMask = 2147483647;
			files = (
				B3AB7D1C2AC608F3003052D8 /* sound-mammuth.mp3 in Resources */,
				6CEA09982AC2137000F8DE60 /* Main.storyboard in Resources */,
				B3AB7D162AC60897003052D8 /* theme.mp3 in Resources */,
				6CEA098F2AC2137000F8DE60 /* GameScene.sks in Resources */,
				6CEA099A2AC2137100F8DE60 /* Assets.xcassets in Resources */,
				6CEA099D2AC2137100F8DE60 /* LaunchScreen.storyboard in Resources */,
				6CEA09912AC2137000F8DE60 /* Actions.sks in Resources */,
				B3AB7D1B2AC608F3003052D8 /* hurt-mammuth.mp3 in Resources */,
				B3AB7D1E2AC608F3003052D8 /* hurt-human.mp3 in Resources */,
				B3AB7D1D2AC608F3003052D8 /* sound-bow.mp3 in Resources */,
			);
			runOnlyForDeploymentPostprocessing = 0;
		};
/* End PBXResourcesBuildPhase section */

/* Begin PBXSourcesBuildPhase section */
		6CEA09852AC2137000F8DE60 /* Sources */ = {
			isa = PBXSourcesBuildPhase;
			buildActionMask = 2147483647;
			files = (
				6CEA09932AC2137000F8DE60 /* GameScene.swift in Sources */,
				6CEA09A62AC21E8600F8DE60 /* Joystick.swift in Sources */,
				6CEA09952AC2137000F8DE60 /* GameViewController.swift in Sources */,
				6CEA098D2AC2137000F8DE60 /* AppDelegate.swift in Sources */,
				B3377B492AC347C600BDBDC3 /* ArcherRunPlayerStats.swift in Sources */,
			);
			runOnlyForDeploymentPostprocessing = 0;
		};
/* End PBXSourcesBuildPhase section */

/* Begin PBXVariantGroup section */
		6CEA09962AC2137000F8DE60 /* Main.storyboard */ = {
			isa = PBXVariantGroup;
			children = (
				6CEA09972AC2137000F8DE60 /* Base */,
			);
			name = Main.storyboard;
			sourceTree = "<group>";
		};
		6CEA099B2AC2137100F8DE60 /* LaunchScreen.storyboard */ = {
			isa = PBXVariantGroup;
			children = (
				6CEA099C2AC2137100F8DE60 /* Base */,
			);
			name = LaunchScreen.storyboard;
			sourceTree = "<group>";
		};
/* End PBXVariantGroup section */

/* Begin XCBuildConfiguration section */
		6CEA099E2AC2137100F8DE60 /* Debug */ = {
			isa = XCBuildConfiguration;
			buildSettings = {
				ALWAYS_SEARCH_USER_PATHS = NO;
				CLANG_ANALYZER_NONNULL = YES;
				CLANG_ANALYZER_NUMBER_OBJECT_CONVERSION = YES_AGGRESSIVE;
				CLANG_CXX_LANGUAGE_STANDARD = "gnu++20";
				CLANG_ENABLE_MODULES = YES;
				CLANG_ENABLE_OBJC_ARC = YES;
				CLANG_ENABLE_OBJC_WEAK = YES;
				CLANG_WARN_BLOCK_CAPTURE_AUTORELEASING = YES;
				CLANG_WARN_BOOL_CONVERSION = YES;
				CLANG_WARN_COMMA = YES;
				CLANG_WARN_CONSTANT_CONVERSION = YES;
				CLANG_WARN_DEPRECATED_OBJC_IMPLEMENTATIONS = YES;
				CLANG_WARN_DIRECT_OBJC_ISA_USAGE = YES_ERROR;
				CLANG_WARN_DOCUMENTATION_COMMENTS = YES;
				CLANG_WARN_EMPTY_BODY = YES;
				CLANG_WARN_ENUM_CONVERSION = YES;
				CLANG_WARN_INFINITE_RECURSION = YES;
				CLANG_WARN_INT_CONVERSION = YES;
				CLANG_WARN_NON_LITERAL_NULL_CONVERSION = YES;
				CLANG_WARN_OBJC_IMPLICIT_RETAIN_SELF = YES;
				CLANG_WARN_OBJC_LITERAL_CONVERSION = YES;
				CLANG_WARN_OBJC_ROOT_CLASS = YES_ERROR;
				CLANG_WARN_QUOTED_INCLUDE_IN_FRAMEWORK_HEADER = YES;
				CLANG_WARN_RANGE_LOOP_ANALYSIS = YES;
				CLANG_WARN_STRICT_PROTOTYPES = YES;
				CLANG_WARN_SUSPICIOUS_MOVE = YES;
				CLANG_WARN_UNGUARDED_AVAILABILITY = YES_AGGRESSIVE;
				CLANG_WARN_UNREACHABLE_CODE = YES;
				CLANG_WARN__DUPLICATE_METHOD_MATCH = YES;
				COPY_PHASE_STRIP = NO;
				DEBUG_INFORMATION_FORMAT = dwarf;
				ENABLE_STRICT_OBJC_MSGSEND = YES;
				ENABLE_TESTABILITY = YES;
				GCC_C_LANGUAGE_STANDARD = gnu11;
				GCC_DYNAMIC_NO_PIC = NO;
				GCC_NO_COMMON_BLOCKS = YES;
				GCC_OPTIMIZATION_LEVEL = 0;
				GCC_PREPROCESSOR_DEFINITIONS = (
					"DEBUG=1",
					"$(inherited)",
				);
				GCC_WARN_64_TO_32_BIT_CONVERSION = YES;
				GCC_WARN_ABOUT_RETURN_TYPE = YES_ERROR;
				GCC_WARN_UNDECLARED_SELECTOR = YES;
				GCC_WARN_UNINITIALIZED_AUTOS = YES_AGGRESSIVE;
				GCC_WARN_UNUSED_FUNCTION = YES;
				GCC_WARN_UNUSED_VARIABLE = YES;
				IPHONEOS_DEPLOYMENT_TARGET = 16.4;
				MTL_ENABLE_DEBUG_INFO = INCLUDE_SOURCE;
				MTL_FAST_MATH = YES;
				ONLY_ACTIVE_ARCH = YES;
				SDKROOT = iphoneos;
				SWIFT_ACTIVE_COMPILATION_CONDITIONS = DEBUG;
				SWIFT_OPTIMIZATION_LEVEL = "-Onone";
			};
			name = Debug;
		};
		6CEA099F2AC2137100F8DE60 /* Release */ = {
			isa = XCBuildConfiguration;
			buildSettings = {
				ALWAYS_SEARCH_USER_PATHS = NO;
				CLANG_ANALYZER_NONNULL = YES;
				CLANG_ANALYZER_NUMBER_OBJECT_CONVERSION = YES_AGGRESSIVE;
				CLANG_CXX_LANGUAGE_STANDARD = "gnu++20";
				CLANG_ENABLE_MODULES = YES;
				CLANG_ENABLE_OBJC_ARC = YES;
				CLANG_ENABLE_OBJC_WEAK = YES;
				CLANG_WARN_BLOCK_CAPTURE_AUTORELEASING = YES;
				CLANG_WARN_BOOL_CONVERSION = YES;
				CLANG_WARN_COMMA = YES;
				CLANG_WARN_CONSTANT_CONVERSION = YES;
				CLANG_WARN_DEPRECATED_OBJC_IMPLEMENTATIONS = YES;
				CLANG_WARN_DIRECT_OBJC_ISA_USAGE = YES_ERROR;
				CLANG_WARN_DOCUMENTATION_COMMENTS = YES;
				CLANG_WARN_EMPTY_BODY = YES;
				CLANG_WARN_ENUM_CONVERSION = YES;
				CLANG_WARN_INFINITE_RECURSION = YES;
				CLANG_WARN_INT_CONVERSION = YES;
				CLANG_WARN_NON_LITERAL_NULL_CONVERSION = YES;
				CLANG_WARN_OBJC_IMPLICIT_RETAIN_SELF = YES;
				CLANG_WARN_OBJC_LITERAL_CONVERSION = YES;
				CLANG_WARN_OBJC_ROOT_CLASS = YES_ERROR;
				CLANG_WARN_QUOTED_INCLUDE_IN_FRAMEWORK_HEADER = YES;
				CLANG_WARN_RANGE_LOOP_ANALYSIS = YES;
				CLANG_WARN_STRICT_PROTOTYPES = YES;
				CLANG_WARN_SUSPICIOUS_MOVE = YES;
				CLANG_WARN_UNGUARDED_AVAILABILITY = YES_AGGRESSIVE;
				CLANG_WARN_UNREACHABLE_CODE = YES;
				CLANG_WARN__DUPLICATE_METHOD_MATCH = YES;
				COPY_PHASE_STRIP = NO;
				DEBUG_INFORMATION_FORMAT = "dwarf-with-dsym";
				ENABLE_NS_ASSERTIONS = NO;
				ENABLE_STRICT_OBJC_MSGSEND = YES;
				GCC_C_LANGUAGE_STANDARD = gnu11;
				GCC_NO_COMMON_BLOCKS = YES;
				GCC_WARN_64_TO_32_BIT_CONVERSION = YES;
				GCC_WARN_ABOUT_RETURN_TYPE = YES_ERROR;
				GCC_WARN_UNDECLARED_SELECTOR = YES;
				GCC_WARN_UNINITIALIZED_AUTOS = YES_AGGRESSIVE;
				GCC_WARN_UNUSED_FUNCTION = YES;
				GCC_WARN_UNUSED_VARIABLE = YES;
				IPHONEOS_DEPLOYMENT_TARGET = 16.4;
				MTL_ENABLE_DEBUG_INFO = NO;
				MTL_FAST_MATH = YES;
				SDKROOT = iphoneos;
				SWIFT_COMPILATION_MODE = wholemodule;
				SWIFT_OPTIMIZATION_LEVEL = "-O";
				VALIDATE_PRODUCT = YES;
			};
			name = Release;
		};
		6CEA09A12AC2137100F8DE60 /* Debug */ = {
			isa = XCBuildConfiguration;
			buildSettings = {
				ASSETCATALOG_COMPILER_APPICON_NAME = AppIcon;
				ASSETCATALOG_COMPILER_GLOBAL_ACCENT_COLOR_NAME = AccentColor;
				CODE_SIGN_STYLE = Automatic;
				CURRENT_PROJECT_VERSION = 1;
				DEVELOPMENT_TEAM = 793WGVWJ9W;
				GENERATE_INFOPLIST_FILE = YES;
				INFOPLIST_KEY_UIApplicationSupportsIndirectInputEvents = YES;
				INFOPLIST_KEY_UILaunchStoryboardName = LaunchScreen;
				INFOPLIST_KEY_UIMainStoryboardFile = Main;
				INFOPLIST_KEY_UIStatusBarHidden = YES;
				INFOPLIST_KEY_UISupportedInterfaceOrientations = UIInterfaceOrientationLandscapeRight;
				INFOPLIST_KEY_UISupportedInterfaceOrientations_iPad = "UIInterfaceOrientationLandscapeLeft UIInterfaceOrientationLandscapeRight UIInterfaceOrientationPortrait UIInterfaceOrientationPortraitUpsideDown";
				IPHONEOS_DEPLOYMENT_TARGET = 16.0;
				LD_RUNPATH_SEARCH_PATHS = (
					"$(inherited)",
					"@executable_path/Frameworks",
				);
				MARKETING_VERSION = 1.0;
				PRODUCT_BUNDLE_IDENTIFIER = com.EduardoPretto.ArcherRun;
				PRODUCT_NAME = "$(TARGET_NAME)";
				SWIFT_EMIT_LOC_STRINGS = YES;
				SWIFT_VERSION = 5.0;
				TARGETED_DEVICE_FAMILY = "1,2";
			};
			name = Debug;
		};
		6CEA09A22AC2137100F8DE60 /* Release */ = {
			isa = XCBuildConfiguration;
			buildSettings = {
				ASSETCATALOG_COMPILER_APPICON_NAME = AppIcon;
				ASSETCATALOG_COMPILER_GLOBAL_ACCENT_COLOR_NAME = AccentColor;
				CODE_SIGN_STYLE = Automatic;
				CURRENT_PROJECT_VERSION = 1;
				DEVELOPMENT_TEAM = HMUQWT4RP7;
				GENERATE_INFOPLIST_FILE = YES;
				INFOPLIST_KEY_UIApplicationSupportsIndirectInputEvents = YES;
				INFOPLIST_KEY_UILaunchStoryboardName = LaunchScreen;
				INFOPLIST_KEY_UIMainStoryboardFile = Main;
				INFOPLIST_KEY_UIStatusBarHidden = YES;
				INFOPLIST_KEY_UISupportedInterfaceOrientations = UIInterfaceOrientationLandscapeRight;
				INFOPLIST_KEY_UISupportedInterfaceOrientations_iPad = "UIInterfaceOrientationLandscapeLeft UIInterfaceOrientationLandscapeRight UIInterfaceOrientationPortrait UIInterfaceOrientationPortraitUpsideDown";
				IPHONEOS_DEPLOYMENT_TARGET = 16.0;
				LD_RUNPATH_SEARCH_PATHS = (
					"$(inherited)",
					"@executable_path/Frameworks",
				);
				MARKETING_VERSION = 1.0;
				PRODUCT_BUNDLE_IDENTIFIER = com.EduardoPretto.ArcherRun;
				PRODUCT_NAME = "$(TARGET_NAME)";
				SWIFT_EMIT_LOC_STRINGS = YES;
				SWIFT_VERSION = 5.0;
				TARGETED_DEVICE_FAMILY = "1,2";
			};
			name = Release;
		};
/* End XCBuildConfiguration section */

/* Begin XCConfigurationList section */
		6CEA09842AC2137000F8DE60 /* Build configuration list for PBXProject "ArcherRun" */ = {
			isa = XCConfigurationList;
			buildConfigurations = (
				6CEA099E2AC2137100F8DE60 /* Debug */,
				6CEA099F2AC2137100F8DE60 /* Release */,
			);
			defaultConfigurationIsVisible = 0;
			defaultConfigurationName = Release;
		};
		6CEA09A02AC2137100F8DE60 /* Build configuration list for PBXNativeTarget "ArcherRun" */ = {
			isa = XCConfigurationList;
			buildConfigurations = (
				6CEA09A12AC2137100F8DE60 /* Debug */,
				6CEA09A22AC2137100F8DE60 /* Release */,
			);
			defaultConfigurationIsVisible = 0;
			defaultConfigurationName = Release;
		};
/* End XCConfigurationList section */
	};
	rootObject = 6CEA09812AC2137000F8DE60 /* Project object */;
}
